
Microsoft Visual Studio Solution File, Format Version 12.00
# Visual Studio 15
VisualStudioVersion = 15.0.27004.2010
MinimumVisualStudioVersion = 10.0.40219.1
Project("{FAE04EC0-301F-11D3-BF4B-00C04F79EFBC}") = "XmlMappingsRepro", "XmlMappingsRepro\XmlMappingsRepro.csproj", "{823E9536-38F0-4A3C-B75A-533C6B9BAFCB}"
EndProject
Global
	GlobalSection(SolutionConfigurationPlatforms) = preSolution
		Debug|Any CPU = Debug|Any CPU
		Release|Any CPU = Release|Any CPU
	EndGlobalSection
	GlobalSection(ProjectConfigurationPlatforms) = postSolution
		{823E9536-38F0-4A3C-B75A-533C6B9BAFCB}.Debug|Any CPU.ActiveCfg = Debug|Any CPU
		{823E9536-38F0-4A3C-B75A-533C6B9BAFCB}.Debug|Any CPU.Build.0 = Debug|Any CPU
		{823E9536-38F0-4A3C-B75A-533C6B9BAFCB}.Release|Any CPU.ActiveCfg = Release|Any CPU
		{823E9536-38F0-4A3C-B75A-533C6B9BAFCB}.Release|Any CPU.Build.0 = Release|Any CPU
	EndGlobalSection
	GlobalSection(SolutionProperties) = preSolution
		HideSolutionNode = FALSE
	EndGlobalSection
	GlobalSection(ExtensibilityGlobals) = postSolution
		SolutionGuid = {BAA7D096-8616-4C5B-9D10-467B8E2CD9EF}
	EndGlobalSection
EndGlobal
